
Microsoft Visual Studio Solution File, Format Version 12.00
# Visual Studio 15
VisualStudioVersion = 15.0.28307.421
MinimumVisualStudioVersion = 10.0.40219.1
Project("{FAE04EC0-301F-11D3-BF4B-00C04F79EFBC}") = "holahola", "holahola\holahola.csproj", "{6DFC0F62-873F-44FE-A82E-FEE363ED9ABB}"
EndProject
Global
	GlobalSection(SolutionConfigurationPlatforms) = preSolution
		Debug|Any CPU = Debug|Any CPU
		Release|Any CPU = Release|Any CPU
	EndGlobalSection
	GlobalSection(ProjectConfigurationPlatforms) = postSolution
		{6DFC0F62-873F-44FE-A82E-FEE363ED9ABB}.Debug|Any CPU.ActiveCfg = Debug|Any CPU
		{6DFC0F62-873F-44FE-A82E-FEE363ED9ABB}.Debug|Any CPU.Build.0 = Debug|Any CPU
		{6DFC0F62-873F-44FE-A82E-FEE363ED9ABB}.Release|Any CPU.ActiveCfg = Release|Any CPU
		{6DFC0F62-873F-44FE-A82E-FEE363ED9ABB}.Release|Any CPU.Build.0 = Release|Any CPU
	EndGlobalSection
	GlobalSection(SolutionProperties) = preSolution
		HideSolutionNode = FALSE
	EndGlobalSection
	GlobalSection(ExtensibilityGlobals) = postSolution
		SolutionGuid = {56AB1C26-0D90-404B-BAE9-4779CF92B82E}
	EndGlobalSection
EndGlobal
